
Microsoft Visual Studio Solution File, Format Version 12.00
# Visual Studio Version 16
VisualStudioVersion = 16.0.29418.71
MinimumVisualStudioVersion = 10.0.40219.1
Project("{8BC9CEB8-8B4A-11D0-8D11-00A0C91BC942}") = "UnitTest", "UnitTest\UnitTest.vcxproj", "{7D5A5853-E099-4137-AA1D-E17452617A81}"
	ProjectSection(ProjectDependencies) = postProject
		{609F2754-B7D3-44B7-87F3-B373B3586D7B} = {609F2754-B7D3-44B7-87F3-B373B3586D7B}
		{DF96A47F-440E-4F13-89E7-54DE00357888} = {DF96A47F-440E-4F13-89E7-54DE00357888}
	EndProjectSection
EndProject
Project("{8BC9CEB8-8B4A-11D0-8D11-00A0C91BC942}") = "scodecvt.lib", "scodecvt.lib\scodecvt.lib.vcxproj", "{DF96A47F-440E-4F13-89E7-54DE00357888}"
EndProject
Project("{8BC9CEB8-8B4A-11D0-8D11-00A0C91BC942}") = "scodecvt.dll", "scodecvt.dll\scodecvt.dll.vcxproj", "{609F2754-B7D3-44B7-87F3-B373B3586D7B}"
EndProject
Project("{8BC9CEB8-8B4A-11D0-8D11-00A0C91BC942}") = "TestDll", "TestDll\TestDll.vcxproj", "{6280AF24-43AA-4185-A27B-300080F43237}"
EndProject
Project("{8BC9CEB8-8B4A-11D0-8D11-00A0C91BC942}") = "TestLib", "TestLib\TestLib.vcxproj", "{D6C25213-E79A-4FF9-9D5B-38D5AB898121}"
EndProject
Project("{2150E333-8FDC-42A3-9474-1A3956D46DE8}") = "Solution Items", "Solution Items", "{A38092A1-D5A6-4E59-80DE-39327D5C1415}"
	ProjectSection(SolutionItems) = preProject
		README.md = README.md
	EndProjectSection
EndProject
Global
	GlobalSection(SolutionConfigurationPlatforms) = preSolution
		Debug-DLL-MD|x64 = Debug-DLL-MD|x64
		Debug-DLL-MD|x86 = Debug-DLL-MD|x86
		Debug-DLL-MT|x64 = Debug-DLL-MT|x64
		Debug-DLL-MT|x86 = Debug-DLL-MT|x86
		Debug-LIB-MD|x64 = Debug-LIB-MD|x64
		Debug-LIB-MD|x86 = Debug-LIB-MD|x86
		Debug-LIB-MT|x64 = Debug-LIB-MT|x64
		Debug-LIB-MT|x86 = Debug-LIB-MT|x86
		Debug-Test-MD|x64 = Debug-Test-MD|x64
		Debug-Test-MD|x86 = Debug-Test-MD|x86
		Debug-Test-MT|x64 = Debug-Test-MT|x64
		Debug-Test-MT|x86 = Debug-Test-MT|x86
		Release-DLL-MD|x64 = Release-DLL-MD|x64
		Release-DLL-MD|x86 = Release-DLL-MD|x86
		Release-DLL-MT|x64 = Release-DLL-MT|x64
		Release-DLL-MT|x86 = Release-DLL-MT|x86
		Release-LIB-MD|x64 = Release-LIB-MD|x64
		Release-LIB-MD|x86 = Release-LIB-MD|x86
		Release-LIB-MT|x64 = Release-LIB-MT|x64
		Release-LIB-MT|x86 = Release-LIB-MT|x86
		Release-Test-MD|x64 = Release-Test-MD|x64
		Release-Test-MD|x86 = Release-Test-MD|x86
		Release-Test-MT|x64 = Release-Test-MT|x64
		Release-Test-MT|x86 = Release-Test-MT|x86
	EndGlobalSection
	GlobalSection(ProjectConfigurationPlatforms) = postSolution
		{7D5A5853-E099-4137-AA1D-E17452617A81}.Debug-DLL-MD|x64.ActiveCfg = Debug-DLL-MD|x64
		{7D5A5853-E099-4137-AA1D-E17452617A81}.Debug-DLL-MD|x64.Build.0 = Debug-DLL-MD|x64
		{7D5A5853-E099-4137-AA1D-E17452617A81}.Debug-DLL-MD|x86.ActiveCfg = Debug-DLL-MD|Win32
		{7D5A5853-E099-4137-AA1D-E17452617A81}.Debug-DLL-MD|x86.Build.0 = Debug-DLL-MD|Win32
		{7D5A5853-E099-4137-AA1D-E17452617A81}.Debug-DLL-MT|x64.ActiveCfg = Debug-DLL-MT|x64
		{7D5A5853-E099-4137-AA1D-E17452617A81}.Debug-DLL-MT|x64.Build.0 = Debug-DLL-MT|x64
		{7D5A5853-E099-4137-AA1D-E17452617A81}.Debug-DLL-MT|x86.ActiveCfg = Debug-DLL-MT|Win32
		{7D5A5853-E099-4137-AA1D-E17452617A81}.Debug-DLL-MT|x86.Build.0 = Debug-DLL-MT|Win32
		{7D5A5853-E099-4137-AA1D-E17452617A81}.Debug-LIB-MD|x64.ActiveCfg = Debug-LIB-MD|x64
		{7D5A5853-E099-4137-AA1D-E17452617A81}.Debug-LIB-MD|x64.Build.0 = Debug-LIB-MD|x64
		{7D5A5853-E099-4137-AA1D-E17452617A81}.Debug-LIB-MD|x86.ActiveCfg = Debug-LIB-MD|Win32
		{7D5A5853-E099-4137-AA1D-E17452617A81}.Debug-LIB-MD|x86.Build.0 = Debug-LIB-MD|Win32
		{7D5A5853-E099-4137-AA1D-E17452617A81}.Debug-LIB-MT|x64.ActiveCfg = Debug-LIB-MT|x64
		{7D5A5853-E099-4137-AA1D-E17452617A81}.Debug-LIB-MT|x64.Build.0 = Debug-LIB-MT|x64
		{7D5A5853-E099-4137-AA1D-E17452617A81}.Debug-LIB-MT|x86.ActiveCfg = Debug-LIB-MT|Win32
		{7D5A5853-E099-4137-AA1D-E17452617A81}.Debug-LIB-MT|x86.Build.0 = Debug-LIB-MT|Win32
		{7D5A5853-E099-4137-AA1D-E17452617A81}.Debug-Test-MD|x64.ActiveCfg = Debug-LIB-MT|x64
		{7D5A5853-E099-4137-AA1D-E17452617A81}.Debug-Test-MD|x64.Build.0 = Debug-LIB-MT|x64
		{7D5A5853-E099-4137-AA1D-E17452617A81}.Debug-Test-MD|x86.ActiveCfg = Debug-LIB-MT|Win32
		{7D5A5853-E099-4137-AA1D-E17452617A81}.Debug-Test-MD|x86.Build.0 = Debug-LIB-MT|Win32
		{7D5A5853-E099-4137-AA1D-E17452617A81}.Debug-Test-MT|x64.ActiveCfg = Debug-LIB-MT|x64
		{7D5A5853-E099-4137-AA1D-E17452617A81}.Debug-Test-MT|x64.Build.0 = Debug-LIB-MT|x64
		{7D5A5853-E099-4137-AA1D-E17452617A81}.Debug-Test-MT|x86.ActiveCfg = Debug-LIB-MT|Win32
		{7D5A5853-E099-4137-AA1D-E17452617A81}.Debug-Test-MT|x86.Build.0 = Debug-LIB-MT|Win32
		{7D5A5853-E099-4137-AA1D-E17452617A81}.Release-DLL-MD|x64.ActiveCfg = Release-DLL-MD|x64
		{7D5A5853-E099-4137-AA1D-E17452617A81}.Release-DLL-MD|x64.Build.0 = Release-DLL-MD|x64
		{7D5A5853-E099-4137-AA1D-E17452617A81}.Release-DLL-MD|x86.ActiveCfg = Release-DLL-MD|Win32
		{7D5A5853-E099-4137-AA1D-E17452617A81}.Release-DLL-MD|x86.Build.0 = Release-DLL-MD|Win32
		{7D5A5853-E099-4137-AA1D-E17452617A81}.Release-DLL-MT|x64.ActiveCfg = Release-DLL-MT|x64
		{7D5A5853-E099-4137-AA1D-E17452617A81}.Release-DLL-MT|x64.Build.0 = Release-DLL-MT|x64
		{7D5A5853-E099-4137-AA1D-E17452617A81}.Release-DLL-MT|x86.ActiveCfg = Release-DLL-MT|Win32
		{7D5A5853-E099-4137-AA1D-E17452617A81}.Release-DLL-MT|x86.Build.0 = Release-DLL-MT|Win32
		{7D5A5853-E099-4137-AA1D-E17452617A81}.Release-LIB-MD|x64.ActiveCfg = Release-LIB-MD|x64
		{7D5A5853-E099-4137-AA1D-E17452617A81}.Release-LIB-MD|x64.Build.0 = Release-LIB-MD|x64
		{7D5A5853-E099-4137-AA1D-E17452617A81}.Release-LIB-MD|x86.ActiveCfg = Release-LIB-MD|Win32
		{7D5A5853-E099-4137-AA1D-E17452617A81}.Release-LIB-MD|x86.Build.0 = Release-LIB-MD|Win32
		{7D5A5853-E099-4137-AA1D-E17452617A81}.Release-LIB-MT|x64.ActiveCfg = Release-LIB-MT|x64
		{7D5A5853-E099-4137-AA1D-E17452617A81}.Release-LIB-MT|x64.Build.0 = Release-LIB-MT|x64
		{7D5A5853-E099-4137-AA1D-E17452617A81}.Release-LIB-MT|x86.ActiveCfg = Release-LIB-MT|Win32
		{7D5A5853-E099-4137-AA1D-E17452617A81}.Release-LIB-MT|x86.Build.0 = Release-LIB-MT|Win32
		{7D5A5853-E099-4137-AA1D-E17452617A81}.Release-Test-MD|x64.ActiveCfg = Release-DLL-MD|x64
		{7D5A5853-E099-4137-AA1D-E17452617A81}.Release-Test-MD|x64.Build.0 = Release-DLL-MD|x64
		{7D5A5853-E099-4137-AA1D-E17452617A81}.Release-Test-MD|x86.ActiveCfg = Release-LIB-MT|Win32
		{7D5A5853-E099-4137-AA1D-E17452617A81}.Release-Test-MD|x86.Build.0 = Release-LIB-MT|Win32
		{7D5A5853-E099-4137-AA1D-E17452617A81}.Release-Test-MT|x64.ActiveCfg = Release-DLL-MD|x64
		{7D5A5853-E099-4137-AA1D-E17452617A81}.Release-Test-MT|x64.Build.0 = Release-DLL-MD|x64
		{7D5A5853-E099-4137-AA1D-E17452617A81}.Release-Test-MT|x86.ActiveCfg = Release-LIB-MT|Win32
		{7D5A5853-E099-4137-AA1D-E17452617A81}.Release-Test-MT|x86.Build.0 = Release-LIB-MT|Win32
		{DF96A47F-440E-4F13-89E7-54DE00357888}.Debug-DLL-MD|x64.ActiveCfg = Debug-LIB-MT|x64
		{DF96A47F-440E-4F13-89E7-54DE00357888}.Debug-DLL-MD|x64.Build.0 = Debug-LIB-MT|x64
		{DF96A47F-440E-4F13-89E7-54DE00357888}.Debug-DLL-MD|x86.ActiveCfg = Debug-LIB-MD|Win32
		{DF96A47F-440E-4F13-89E7-54DE00357888}.Debug-DLL-MD|x86.Build.0 = Debug-LIB-MD|Win32
		{DF96A47F-440E-4F13-89E7-54DE00357888}.Debug-DLL-MT|x64.ActiveCfg = Debug-LIB-MT|x64
		{DF96A47F-440E-4F13-89E7-54DE00357888}.Debug-DLL-MT|x64.Build.0 = Debug-LIB-MT|x64
		{DF96A47F-440E-4F13-89E7-54DE00357888}.Debug-DLL-MT|x86.ActiveCfg = Debug-LIB-MT|Win32
		{DF96A47F-440E-4F13-89E7-54DE00357888}.Debug-DLL-MT|x86.Build.0 = Debug-LIB-MT|Win32
		{DF96A47F-440E-4F13-89E7-54DE00357888}.Debug-LIB-MD|x64.ActiveCfg = Debug-LIB-MD|x64
		{DF96A47F-440E-4F13-89E7-54DE00357888}.Debug-LIB-MD|x64.Build.0 = Debug-LIB-MD|x64
		{DF96A47F-440E-4F13-89E7-54DE00357888}.Debug-LIB-MD|x86.ActiveCfg = Debug-LIB-MD|Win32
		{DF96A47F-440E-4F13-89E7-54DE00357888}.Debug-LIB-MD|x86.Build.0 = Debug-LIB-MD|Win32
		{DF96A47F-440E-4F13-89E7-54DE00357888}.Debug-LIB-MT|x64.ActiveCfg = Debug-LIB-MT|x64
		{DF96A47F-440E-4F13-89E7-54DE00357888}.Debug-LIB-MT|x64.Build.0 = Debug-LIB-MT|x64
		{DF96A47F-440E-4F13-89E7-54DE00357888}.Debug-LIB-MT|x86.ActiveCfg = Debug-LIB-MT|Win32
		{DF96A47F-440E-4F13-89E7-54DE00357888}.Debug-LIB-MT|x86.Build.0 = Debug-LIB-MT|Win32
		{DF96A47F-440E-4F13-89E7-54DE00357888}.Debug-Test-MD|x64.ActiveCfg = Debug-LIB-MD|x64
		{DF96A47F-440E-4F13-89E7-54DE00357888}.Debug-Test-MD|x64.Build.0 = Debug-LIB-MD|x64
		{DF96A47F-440E-4F13-89E7-54DE00357888}.Debug-Test-MD|x86.ActiveCfg = Debug-LIB-MT|Win32
		{DF96A47F-440E-4F13-89E7-54DE00357888}.Debug-Test-MD|x86.Build.0 = Debug-LIB-MT|Win32
		{DF96A47F-440E-4F13-89E7-54DE00357888}.Debug-Test-MT|x64.ActiveCfg = Debug-LIB-MD|x64
		{DF96A47F-440E-4F13-89E7-54DE00357888}.Debug-Test-MT|x64.Build.0 = Debug-LIB-MD|x64
		{DF96A47F-440E-4F13-89E7-54DE00357888}.Debug-Test-MT|x86.ActiveCfg = Debug-LIB-MT|Win32
		{DF96A47F-440E-4F13-89E7-54DE00357888}.Debug-Test-MT|x86.Build.0 = Debug-LIB-MT|Win32
		{DF96A47F-440E-4F13-89E7-54DE00357888}.Release-DLL-MD|x64.ActiveCfg = Release-LIB-MD|x64
		{DF96A47F-440E-4F13-89E7-54DE00357888}.Release-DLL-MD|x64.Build.0 = Release-LIB-MD|x64
		{DF96A47F-440E-4F13-89E7-54DE00357888}.Release-DLL-MD|x86.ActiveCfg = Release-LIB-MD|Win32
		{DF96A47F-440E-4F13-89E7-54DE00357888}.Release-DLL-MD|x86.Build.0 = Release-LIB-MD|Win32
		{DF96A47F-440E-4F13-89E7-54DE00357888}.Release-DLL-MT|x64.ActiveCfg = Release-LIB-MT|x64
		{DF96A47F-440E-4F13-89E7-54DE00357888}.Release-DLL-MT|x64.Build.0 = Release-LIB-MT|x64
		{DF96A47F-440E-4F13-89E7-54DE00357888}.Release-DLL-MT|x86.ActiveCfg = Release-LIB-MT|Win32
		{DF96A47F-440E-4F13-89E7-54DE00357888}.Release-DLL-MT|x86.Build.0 = Release-LIB-MT|Win32
		{DF96A47F-440E-4F13-89E7-54DE00357888}.Release-LIB-MD|x64.ActiveCfg = Release-LIB-MD|x64
		{DF96A47F-440E-4F13-89E7-54DE00357888}.Release-LIB-MD|x64.Build.0 = Release-LIB-MD|x64
		{DF96A47F-440E-4F13-89E7-54DE00357888}.Release-LIB-MD|x86.ActiveCfg = Release-LIB-MD|Win32
		{DF96A47F-440E-4F13-89E7-54DE00357888}.Release-LIB-MD|x86.Build.0 = Release-LIB-MD|Win32
		{DF96A47F-440E-4F13-89E7-54DE00357888}.Release-LIB-MT|x64.ActiveCfg = Release-LIB-MT|x64
		{DF96A47F-440E-4F13-89E7-54DE00357888}.Release-LIB-MT|x64.Build.0 = Release-LIB-MT|x64
		{DF96A47F-440E-4F13-89E7-54DE00357888}.Release-LIB-MT|x86.ActiveCfg = Release-LIB-MT|Win32
		{DF96A47F-440E-4F13-89E7-54DE00357888}.Release-LIB-MT|x86.Build.0 = Release-LIB-MT|Win32
		{DF96A47F-440E-4F13-89E7-54DE00357888}.Release-Test-MD|x64.ActiveCfg = Release-LIB-MD|x64
		{DF96A47F-440E-4F13-89E7-54DE00357888}.Release-Test-MD|x64.Build.0 = Release-LIB-MD|x64
		{DF96A47F-440E-4F13-89E7-54DE00357888}.Release-Test-MD|x86.ActiveCfg = Release-LIB-MT|Win32
		{DF96A47F-440E-4F13-89E7-54DE00357888}.Release-Test-MD|x86.Build.0 = Release-LIB-MT|Win32
		{DF96A47F-440E-4F13-89E7-54DE00357888}.Release-Test-MT|x64.ActiveCfg = Release-LIB-MD|x64
		{DF96A47F-440E-4F13-89E7-54DE00357888}.Release-Test-MT|x64.Build.0 = Release-LIB-MD|x64
		{DF96A47F-440E-4F13-89E7-54DE00357888}.Release-Test-MT|x86.ActiveCfg = Release-LIB-MT|Win32
		{DF96A47F-440E-4F13-89E7-54DE00357888}.Release-Test-MT|x86.Build.0 = Release-LIB-MT|Win32
		{609F2754-B7D3-44B7-87F3-B373B3586D7B}.Debug-DLL-MD|x64.ActiveCfg = Debug-DLL-MD|x64
		{609F2754-B7D3-44B7-87F3-B373B3586D7B}.Debug-DLL-MD|x64.Build.0 = Debug-DLL-MD|x64
		{609F2754-B7D3-44B7-87F3-B373B3586D7B}.Debug-DLL-MD|x86.ActiveCfg = Debug-DLL-MD|Win32
		{609F2754-B7D3-44B7-87F3-B373B3586D7B}.Debug-DLL-MD|x86.Build.0 = Debug-DLL-MD|Win32
		{609F2754-B7D3-44B7-87F3-B373B3586D7B}.Debug-DLL-MT|x64.ActiveCfg = Debug-DLL-MT|x64
		{609F2754-B7D3-44B7-87F3-B373B3586D7B}.Debug-DLL-MT|x64.Build.0 = Debug-DLL-MT|x64
		{609F2754-B7D3-44B7-87F3-B373B3586D7B}.Debug-DLL-MT|x86.ActiveCfg = Debug-DLL-MT|Win32
		{609F2754-B7D3-44B7-87F3-B373B3586D7B}.Debug-DLL-MT|x86.Build.0 = Debug-DLL-MT|Win32
		{609F2754-B7D3-44B7-87F3-B373B3586D7B}.Debug-LIB-MD|x64.ActiveCfg = Debug-DLL-MT|x64
		{609F2754-B7D3-44B7-87F3-B373B3586D7B}.Debug-LIB-MD|x64.Build.0 = Debug-DLL-MT|x64
		{609F2754-B7D3-44B7-87F3-B373B3586D7B}.Debug-LIB-MD|x86.ActiveCfg = Debug-DLL-MD|Win32
		{609F2754-B7D3-44B7-87F3-B373B3586D7B}.Debug-LIB-MD|x86.Build.0 = Debug-DLL-MD|Win32
		{609F2754-B7D3-44B7-87F3-B373B3586D7B}.Debug-LIB-MT|x64.ActiveCfg = Debug-DLL-MT|x64
		{609F2754-B7D3-44B7-87F3-B373B3586D7B}.Debug-LIB-MT|x64.Build.0 = Debug-DLL-MT|x64
		{609F2754-B7D3-44B7-87F3-B373B3586D7B}.Debug-LIB-MT|x86.ActiveCfg = Debug-DLL-MT|Win32
		{609F2754-B7D3-44B7-87F3-B373B3586D7B}.Debug-LIB-MT|x86.Build.0 = Debug-DLL-MT|Win32
		{609F2754-B7D3-44B7-87F3-B373B3586D7B}.Debug-Test-MD|x64.ActiveCfg = Debug-DLL-MT|x64
		{609F2754-B7D3-44B7-87F3-B373B3586D7B}.Debug-Test-MD|x64.Build.0 = Debug-DLL-MT|x64
		{609F2754-B7D3-44B7-87F3-B373B3586D7B}.Debug-Test-MD|x86.ActiveCfg = Debug-DLL-MT|Win32
		{609F2754-B7D3-44B7-87F3-B373B3586D7B}.Debug-Test-MD|x86.Build.0 = Debug-DLL-MT|Win32
		{609F2754-B7D3-44B7-87F3-B373B3586D7B}.Debug-Test-MT|x64.ActiveCfg = Debug-DLL-MT|x64
		{609F2754-B7D3-44B7-87F3-B373B3586D7B}.Debug-Test-MT|x64.Build.0 = Debug-DLL-MT|x64
		{609F2754-B7D3-44B7-87F3-B373B3586D7B}.Debug-Test-MT|x86.ActiveCfg = Debug-DLL-MT|Win32
		{609F2754-B7D3-44B7-87F3-B373B3586D7B}.Debug-Test-MT|x86.Build.0 = Debug-DLL-MT|Win32
		{609F2754-B7D3-44B7-87F3-B373B3586D7B}.Release-DLL-MD|x64.ActiveCfg = Release-DLL-MD|x64
		{609F2754-B7D3-44B7-87F3-B373B3586D7B}.Release-DLL-MD|x64.Build.0 = Release-DLL-MD|x64
		{609F2754-B7D3-44B7-87F3-B373B3586D7B}.Release-DLL-MD|x86.ActiveCfg = Release-DLL-MD|Win32
		{609F2754-B7D3-44B7-87F3-B373B3586D7B}.Release-DLL-MD|x86.Build.0 = Release-DLL-MD|Win32
		{609F2754-B7D3-44B7-87F3-B373B3586D7B}.Release-DLL-MT|x64.ActiveCfg = Release-DLL-MT|x64
		{609F2754-B7D3-44B7-87F3-B373B3586D7B}.Release-DLL-MT|x64.Build.0 = Release-DLL-MT|x64
		{609F2754-B7D3-44B7-87F3-B373B3586D7B}.Release-DLL-MT|x86.ActiveCfg = Release-DLL-MT|Win32
		{609F2754-B7D3-44B7-87F3-B373B3586D7B}.Release-DLL-MT|x86.Build.0 = Release-DLL-MT|Win32
		{609F2754-B7D3-44B7-87F3-B373B3586D7B}.Release-LIB-MD|x64.ActiveCfg = Release-DLL-MT|x64
		{609F2754-B7D3-44B7-87F3-B373B3586D7B}.Release-LIB-MD|x64.Build.0 = Release-DLL-MT|x64
		{609F2754-B7D3-44B7-87F3-B373B3586D7B}.Release-LIB-MD|x86.ActiveCfg = Release-DLL-MD|Win32
		{609F2754-B7D3-44B7-87F3-B373B3586D7B}.Release-LIB-MD|x86.Build.0 = Release-DLL-MD|Win32
		{609F2754-B7D3-44B7-87F3-B373B3586D7B}.Release-LIB-MT|x64.ActiveCfg = Release-DLL-MT|x64
		{609F2754-B7D3-44B7-87F3-B373B3586D7B}.Release-LIB-MT|x64.Build.0 = Release-DLL-MT|x64
		{609F2754-B7D3-44B7-87F3-B373B3586D7B}.Release-LIB-MT|x86.ActiveCfg = Release-DLL-MT|Win32
		{609F2754-B7D3-44B7-87F3-B373B3586D7B}.Release-LIB-MT|x86.Build.0 = Release-DLL-MT|Win32
		{609F2754-B7D3-44B7-87F3-B373B3586D7B}.Release-Test-MD|x64.ActiveCfg = Release-DLL-MT|x64
		{609F2754-B7D3-44B7-87F3-B373B3586D7B}.Release-Test-MD|x64.Build.0 = Release-DLL-MT|x64
		{609F2754-B7D3-44B7-87F3-B373B3586D7B}.Release-Test-MD|x86.ActiveCfg = Release-DLL-MT|Win32
		{609F2754-B7D3-44B7-87F3-B373B3586D7B}.Release-Test-MD|x86.Build.0 = Release-DLL-MT|Win32
		{609F2754-B7D3-44B7-87F3-B373B3586D7B}.Release-Test-MT|x64.ActiveCfg = Release-DLL-MT|x64
		{609F2754-B7D3-44B7-87F3-B373B3586D7B}.Release-Test-MT|x64.Build.0 = Release-DLL-MT|x64
		{609F2754-B7D3-44B7-87F3-B373B3586D7B}.Release-Test-MT|x86.ActiveCfg = Release-DLL-MT|Win32
		{609F2754-B7D3-44B7-87F3-B373B3586D7B}.Release-Test-MT|x86.Build.0 = Release-DLL-MT|Win32
		{6280AF24-43AA-4185-A27B-300080F43237}.Debug-DLL-MD|x64.ActiveCfg = Debug-Test-MT|x64
		{6280AF24-43AA-4185-A27B-300080F43237}.Debug-DLL-MD|x64.Build.0 = Debug-Test-MT|x64
		{6280AF24-43AA-4185-A27B-300080F43237}.Debug-DLL-MD|x86.ActiveCfg = Debug-Test-MT|Win32
		{6280AF24-43AA-4185-A27B-300080F43237}.Debug-DLL-MD|x86.Build.0 = Debug-Test-MT|Win32
		{6280AF24-43AA-4185-A27B-300080F43237}.Debug-DLL-MT|x64.ActiveCfg = Debug-Test-MT|x64
		{6280AF24-43AA-4185-A27B-300080F43237}.Debug-DLL-MT|x64.Build.0 = Debug-Test-MT|x64
		{6280AF24-43AA-4185-A27B-300080F43237}.Debug-DLL-MT|x86.ActiveCfg = Debug-Test-MT|Win32
		{6280AF24-43AA-4185-A27B-300080F43237}.Debug-DLL-MT|x86.Build.0 = Debug-Test-MT|Win32
		{6280AF24-43AA-4185-A27B-300080F43237}.Debug-LIB-MD|x64.ActiveCfg = Debug-Test-MT|x64
		{6280AF24-43AA-4185-A27B-300080F43237}.Debug-LIB-MD|x64.Build.0 = Debug-Test-MT|x64
		{6280AF24-43AA-4185-A27B-300080F43237}.Debug-LIB-MD|x86.ActiveCfg = Debug-Test-MT|Win32
		{6280AF24-43AA-4185-A27B-300080F43237}.Debug-LIB-MD|x86.Build.0 = Debug-Test-MT|Win32
		{6280AF24-43AA-4185-A27B-300080F43237}.Debug-LIB-MT|x64.ActiveCfg = Debug-Test-MT|x64
		{6280AF24-43AA-4185-A27B-300080F43237}.Debug-LIB-MT|x64.Build.0 = Debug-Test-MT|x64
		{6280AF24-43AA-4185-A27B-300080F43237}.Debug-LIB-MT|x86.ActiveCfg = Debug-Test-MT|Win32
		{6280AF24-43AA-4185-A27B-300080F43237}.Debug-LIB-MT|x86.Build.0 = Debug-Test-MT|Win32
		{6280AF24-43AA-4185-A27B-300080F43237}.Debug-Test-MD|x64.ActiveCfg = Debug-Test-MD|x64
		{6280AF24-43AA-4185-A27B-300080F43237}.Debug-Test-MD|x64.Build.0 = Debug-Test-MD|x64
		{6280AF24-43AA-4185-A27B-300080F43237}.Debug-Test-MD|x86.ActiveCfg = Debug-Test-MD|Win32
		{6280AF24-43AA-4185-A27B-300080F43237}.Debug-Test-MD|x86.Build.0 = Debug-Test-MD|Win32
		{6280AF24-43AA-4185-A27B-300080F43237}.Debug-Test-MT|x64.ActiveCfg = Debug-Test-MT|x64
		{6280AF24-43AA-4185-A27B-300080F43237}.Debug-Test-MT|x64.Build.0 = Debug-Test-MT|x64
		{6280AF24-43AA-4185-A27B-300080F43237}.Debug-Test-MT|x86.ActiveCfg = Debug-Test-MT|Win32
		{6280AF24-43AA-4185-A27B-300080F43237}.Debug-Test-MT|x86.Build.0 = Debug-Test-MT|Win32
		{6280AF24-43AA-4185-A27B-300080F43237}.Release-DLL-MD|x64.ActiveCfg = Release-Test-MT|x64
		{6280AF24-43AA-4185-A27B-300080F43237}.Release-DLL-MD|x64.Build.0 = Release-Test-MT|x64
		{6280AF24-43AA-4185-A27B-300080F43237}.Release-DLL-MD|x86.ActiveCfg = Release-Test-MT|Win32
		{6280AF24-43AA-4185-A27B-300080F43237}.Release-DLL-MD|x86.Build.0 = Release-Test-MT|Win32
		{6280AF24-43AA-4185-A27B-300080F43237}.Release-DLL-MT|x64.ActiveCfg = Release-Test-MT|x64
		{6280AF24-43AA-4185-A27B-300080F43237}.Release-DLL-MT|x64.Build.0 = Release-Test-MT|x64
		{6280AF24-43AA-4185-A27B-300080F43237}.Release-DLL-MT|x86.ActiveCfg = Release-Test-MT|Win32
		{6280AF24-43AA-4185-A27B-300080F43237}.Release-DLL-MT|x86.Build.0 = Release-Test-MT|Win32
		{6280AF24-43AA-4185-A27B-300080F43237}.Release-LIB-MD|x64.ActiveCfg = Release-Test-MT|x64
		{6280AF24-43AA-4185-A27B-300080F43237}.Release-LIB-MD|x64.Build.0 = Release-Test-MT|x64
		{6280AF24-43AA-4185-A27B-300080F43237}.Release-LIB-MD|x86.ActiveCfg = Release-Test-MT|Win32
		{6280AF24-43AA-4185-A27B-300080F43237}.Release-LIB-MD|x86.Build.0 = Release-Test-MT|Win32
		{6280AF24-43AA-4185-A27B-300080F43237}.Release-LIB-MT|x64.ActiveCfg = Release-Test-MT|x64
		{6280AF24-43AA-4185-A27B-300080F43237}.Release-LIB-MT|x64.Build.0 = Release-Test-MT|x64
		{6280AF24-43AA-4185-A27B-300080F43237}.Release-LIB-MT|x86.ActiveCfg = Release-Test-MT|Win32
		{6280AF24-43AA-4185-A27B-300080F43237}.Release-LIB-MT|x86.Build.0 = Release-Test-MT|Win32
		{6280AF24-43AA-4185-A27B-300080F43237}.Release-Test-MD|x64.ActiveCfg = Release-Test-MD|x64
		{6280AF24-43AA-4185-A27B-300080F43237}.Release-Test-MD|x64.Build.0 = Release-Test-MD|x64
		{6280AF24-43AA-4185-A27B-300080F43237}.Release-Test-MD|x86.ActiveCfg = Release-Test-MD|Win32
		{6280AF24-43AA-4185-A27B-300080F43237}.Release-Test-MD|x86.Build.0 = Release-Test-MD|Win32
		{6280AF24-43AA-4185-A27B-300080F43237}.Release-Test-MT|x64.ActiveCfg = Release-Test-MT|x64
		{6280AF24-43AA-4185-A27B-300080F43237}.Release-Test-MT|x64.Build.0 = Release-Test-MT|x64
		{6280AF24-43AA-4185-A27B-300080F43237}.Release-Test-MT|x86.ActiveCfg = Release-Test-MT|Win32
		{6280AF24-43AA-4185-A27B-300080F43237}.Release-Test-MT|x86.Build.0 = Release-Test-MT|Win32
		{D6C25213-E79A-4FF9-9D5B-38D5AB898121}.Debug-DLL-MD|x64.ActiveCfg = Debug-Test-MT|x64
		{D6C25213-E79A-4FF9-9D5B-38D5AB898121}.Debug-DLL-MD|x64.Build.0 = Debug-Test-MT|x64
		{D6C25213-E79A-4FF9-9D5B-38D5AB898121}.Debug-DLL-MD|x86.ActiveCfg = Debug-Test-MT|Win32
		{D6C25213-E79A-4FF9-9D5B-38D5AB898121}.Debug-DLL-MD|x86.Build.0 = Debug-Test-MT|Win32
		{D6C25213-E79A-4FF9-9D5B-38D5AB898121}.Debug-DLL-MT|x64.ActiveCfg = Debug-Test-MT|x64
		{D6C25213-E79A-4FF9-9D5B-38D5AB898121}.Debug-DLL-MT|x64.Build.0 = Debug-Test-MT|x64
		{D6C25213-E79A-4FF9-9D5B-38D5AB898121}.Debug-DLL-MT|x86.ActiveCfg = Debug-Test-MT|Win32
		{D6C25213-E79A-4FF9-9D5B-38D5AB898121}.Debug-DLL-MT|x86.Build.0 = Debug-Test-MT|Win32
		{D6C25213-E79A-4FF9-9D5B-38D5AB898121}.Debug-LIB-MD|x64.ActiveCfg = Debug-Test-MT|x64
		{D6C25213-E79A-4FF9-9D5B-38D5AB898121}.Debug-LIB-MD|x64.Build.0 = Debug-Test-MT|x64
		{D6C25213-E79A-4FF9-9D5B-38D5AB898121}.Debug-LIB-MD|x86.ActiveCfg = Debug-Test-MT|Win32
		{D6C25213-E79A-4FF9-9D5B-38D5AB898121}.Debug-LIB-MD|x86.Build.0 = Debug-Test-MT|Win32
		{D6C25213-E79A-4FF9-9D5B-38D5AB898121}.Debug-LIB-MT|x64.ActiveCfg = Debug-Test-MT|x64
		{D6C25213-E79A-4FF9-9D5B-38D5AB898121}.Debug-LIB-MT|x64.Build.0 = Debug-Test-MT|x64
		{D6C25213-E79A-4FF9-9D5B-38D5AB898121}.Debug-LIB-MT|x86.ActiveCfg = Debug-Test-MT|Win32
		{D6C25213-E79A-4FF9-9D5B-38D5AB898121}.Debug-LIB-MT|x86.Build.0 = Debug-Test-MT|Win32
		{D6C25213-E79A-4FF9-9D5B-38D5AB898121}.Debug-Test-MD|x64.ActiveCfg = Debug-Test-MD|x64
		{D6C25213-E79A-4FF9-9D5B-38D5AB898121}.Debug-Test-MD|x64.Build.0 = Debug-Test-MD|x64
		{D6C25213-E79A-4FF9-9D5B-38D5AB898121}.Debug-Test-MD|x86.ActiveCfg = Debug-Test-MD|Win32
		{D6C25213-E79A-4FF9-9D5B-38D5AB898121}.Debug-Test-MD|x86.Build.0 = Debug-Test-MD|Win32
		{D6C25213-E79A-4FF9-9D5B-38D5AB898121}.Debug-Test-MT|x64.ActiveCfg = Debug-Test-MT|x64
		{D6C25213-E79A-4FF9-9D5B-38D5AB898121}.Debug-Test-MT|x64.Build.0 = Debug-Test-MT|x64
		{D6C25213-E79A-4FF9-9D5B-38D5AB898121}.Debug-Test-MT|x86.ActiveCfg = Debug-Test-MT|Win32
		{D6C25213-E79A-4FF9-9D5B-38D5AB898121}.Debug-Test-MT|x86.Build.0 = Debug-Test-MT|Win32
		{D6C25213-E79A-4FF9-9D5B-38D5AB898121}.Release-DLL-MD|x64.ActiveCfg = Release-Test-MT|x64
		{D6C25213-E79A-4FF9-9D5B-38D5AB898121}.Release-DLL-MD|x64.Build.0 = Release-Test-MT|x64
		{D6C25213-E79A-4FF9-9D5B-38D5AB898121}.Release-DLL-MD|x86.ActiveCfg = Release-Test-MT|Win32
		{D6C25213-E79A-4FF9-9D5B-38D5AB898121}.Release-DLL-MD|x86.Build.0 = Release-Test-MT|Win32
		{D6C25213-E79A-4FF9-9D5B-38D5AB898121}.Release-DLL-MT|x64.ActiveCfg = Release-Test-MT|x64
		{D6C25213-E79A-4FF9-9D5B-38D5AB898121}.Release-DLL-MT|x64.Build.0 = Release-Test-MT|x64
		{D6C25213-E79A-4FF9-9D5B-38D5AB898121}.Release-DLL-MT|x86.ActiveCfg = Release-Test-MT|Win32
		{D6C25213-E79A-4FF9-9D5B-38D5AB898121}.Release-DLL-MT|x86.Build.0 = Release-Test-MT|Win32
		{D6C25213-E79A-4FF9-9D5B-38D5AB898121}.Release-LIB-MD|x64.ActiveCfg = Release-Test-MT|x64
		{D6C25213-E79A-4FF9-9D5B-38D5AB898121}.Release-LIB-MD|x64.Build.0 = Release-Test-MT|x64
		{D6C25213-E79A-4FF9-9D5B-38D5AB898121}.Release-LIB-MD|x86.ActiveCfg = Release-Test-MT|Win32
		{D6C25213-E79A-4FF9-9D5B-38D5AB898121}.Release-LIB-MD|x86.Build.0 = Release-Test-MT|Win32
		{D6C25213-E79A-4FF9-9D5B-38D5AB898121}.Release-LIB-MT|x64.ActiveCfg = Release-Test-MT|x64
		{D6C25213-E79A-4FF9-9D5B-38D5AB898121}.Release-LIB-MT|x64.Build.0 = Release-Test-MT|x64
		{D6C25213-E79A-4FF9-9D5B-38D5AB898121}.Release-LIB-MT|x86.ActiveCfg = Release-Test-MT|Win32
		{D6C25213-E79A-4FF9-9D5B-38D5AB898121}.Release-LIB-MT|x86.Build.0 = Release-Test-MT|Win32
		{D6C25213-E79A-4FF9-9D5B-38D5AB898121}.Release-Test-MD|x64.ActiveCfg = Release-Test-MD|x64
		{D6C25213-E79A-4FF9-9D5B-38D5AB898121}.Release-Test-MD|x64.Build.0 = Release-Test-MD|x64
		{D6C25213-E79A-4FF9-9D5B-38D5AB898121}.Release-Test-MD|x86.ActiveCfg = Release-Test-MD|Win32
		{D6C25213-E79A-4FF9-9D5B-38D5AB898121}.Release-Test-MD|x86.Build.0 = Release-Test-MD|Win32
		{D6C25213-E79A-4FF9-9D5B-38D5AB898121}.Release-Test-MT|x64.ActiveCfg = Release-Test-MT|x64
		{D6C25213-E79A-4FF9-9D5B-38D5AB898121}.Release-Test-MT|x64.Build.0 = Release-Test-MT|x64
		{D6C25213-E79A-4FF9-9D5B-38D5AB898121}.Release-Test-MT|x86.ActiveCfg = Release-Test-MT|Win32
		{D6C25213-E79A-4FF9-9D5B-38D5AB898121}.Release-Test-MT|x86.Build.0 = Release-Test-MT|Win32
	EndGlobalSection
	GlobalSection(SolutionProperties) = preSolution
		HideSolutionNode = FALSE
	EndGlobalSection
	GlobalSection(ExtensibilityGlobals) = postSolution
		SolutionGuid = {4B1F716B-06B4-45AF-BEC8-0916CBDB2048}
	EndGlobalSection
EndGlobal
